
Microsoft Visual Studio Solution File, Format Version 10.00
# Visual Studio 2008
Project("{F184B08F-C81C-45F6-A57F-5ABD9991F28F}") = "LVQ", "LVQ\LVQ.vbproj", "{9F4AA4D3-16D3-470C-A0B2-DC03160F4619}"
EndProject
Global
	GlobalSection(SolutionConfigurationPlatforms) = preSolution
		Debug|Any CPU = Debug|Any CPU
		Release|Any CPU = Release|Any CPU
	EndGlobalSection
	GlobalSection(ProjectConfigurationPlatforms) = postSolution
		{9F4AA4D3-16D3-470C-A0B2-DC03160F4619}.Debug|Any CPU.ActiveCfg = Debug|Any CPU
		{9F4AA4D3-16D3-470C-A0B2-DC03160F4619}.Debug|Any CPU.Build.0 = Debug|Any CPU
		{9F4AA4D3-16D3-470C-A0B2-DC03160F4619}.Release|Any CPU.ActiveCfg = Release|Any CPU
		{9F4AA4D3-16D3-470C-A0B2-DC03160F4619}.Release|Any CPU.Build.0 = Release|Any CPU
	EndGlobalSection
	GlobalSection(SolutionProperties) = preSolution
		HideSolutionNode = FALSE
	EndGlobalSection
EndGlobal
